
Microsoft Visual Studio Solution File, Format Version 12.00
# Visual Studio Version 16
VisualStudioVersion = 16.0.29230.47
MinimumVisualStudioVersion = 10.0.40219.1
Project("{9A19103F-16F7-4668-BE54-9A1E7A4F7556}") = "App.Application", "App.Application\App.Application.csproj", "{EF6B3420-5C1A-4F72-956B-8DDE959832EF}"
EndProject
Project("{9A19103F-16F7-4668-BE54-9A1E7A4F7556}") = "App.Domain", "App.Domain\App.Domain.csproj", "{2B03973E-E0C6-43D1-9979-DDDA5015A215}"
EndProject
Project("{9A19103F-16F7-4668-BE54-9A1E7A4F7556}") = "App.Infra.Data", "App.Infra.Data\App.Infra.Data.csproj", "{C7037597-AA22-4FE1-92E7-68D65D65654A}"
EndProject
Project("{9A19103F-16F7-4668-BE54-9A1E7A4F7556}") = "App.Infra.CrossCutting.IoC", "App.Infra.CrossCutting.IoC\App.Infra.CrossCutting.IoC.csproj", "{AA24DDE9-EEC2-421E-8458-E44BDE88346F}"
EndProject
Project("{2150E333-8FDC-42A3-9474-1A3956D46DE8}") = "1 - Services", "1 - Services", "{9696EF1B-3F30-4A98-B9DB-C838A2C4E251}"
EndProject
Project("{2150E333-8FDC-42A3-9474-1A3956D46DE8}") = "4 - Infra", "4 - Infra", "{F04AFBA9-EFDE-46F5-AB5C-2783E009F830}"
EndProject
Project("{2150E333-8FDC-42A3-9474-1A3956D46DE8}") = "2 - Application", "2 - Application", "{AC331A90-4D16-4C10-8321-93B2E12AFF5D}"
EndProject
Project("{2150E333-8FDC-42A3-9474-1A3956D46DE8}") = "3 - Domain", "3 - Domain", "{4301FB39-0F3E-4443-BA13-26488DF19FC9}"
EndProject
Project("{2150E333-8FDC-42A3-9474-1A3956D46DE8}") = "4.1 - Data", "4.1 - Data", "{90D87FE4-F5A3-4929-8F42-83DE4C7CD814}"
EndProject
Project("{2150E333-8FDC-42A3-9474-1A3956D46DE8}") = "4.2 - CrossCutting", "4.2 - CrossCutting", "{9C505E16-0910-43E2-96C9-D469C5BB4CE8}"
EndProject
Project("{9A19103F-16F7-4668-BE54-9A1E7A4F7556}") = "App.API", "App.API\App.API.csproj", "{9211965C-54DB-42CB-91F6-D3FF12F16F1E}"
EndProject
Project("{9A19103F-16F7-4668-BE54-9A1E7A4F7556}") = "App.Domain.Core", "App.Domain.Core\App.Domain.Core.csproj", "{12C67894-989C-4678-8947-164E529E63B6}"
EndProject
Project("{9A19103F-16F7-4668-BE54-9A1E7A4F7556}") = "Sona.Swagger", "..\..\Swagger\src\Fleury.Swagger\Sona.Swagger.csproj", "{A0387B24-C38F-48CA-B6D3-D592E8D2FC5E}"
EndProject
Global
	GlobalSection(SolutionConfigurationPlatforms) = preSolution
		Debug|Any CPU = Debug|Any CPU
		Release|Any CPU = Release|Any CPU
	EndGlobalSection
	GlobalSection(ProjectConfigurationPlatforms) = postSolution
		{EF6B3420-5C1A-4F72-956B-8DDE959832EF}.Debug|Any CPU.ActiveCfg = Debug|Any CPU
		{EF6B3420-5C1A-4F72-956B-8DDE959832EF}.Debug|Any CPU.Build.0 = Debug|Any CPU
		{EF6B3420-5C1A-4F72-956B-8DDE959832EF}.Release|Any CPU.ActiveCfg = Release|Any CPU
		{EF6B3420-5C1A-4F72-956B-8DDE959832EF}.Release|Any CPU.Build.0 = Release|Any CPU
		{2B03973E-E0C6-43D1-9979-DDDA5015A215}.Debug|Any CPU.ActiveCfg = Debug|Any CPU
		{2B03973E-E0C6-43D1-9979-DDDA5015A215}.Debug|Any CPU.Build.0 = Debug|Any CPU
		{2B03973E-E0C6-43D1-9979-DDDA5015A215}.Release|Any CPU.ActiveCfg = Release|Any CPU
		{2B03973E-E0C6-43D1-9979-DDDA5015A215}.Release|Any CPU.Build.0 = Release|Any CPU
		{C7037597-AA22-4FE1-92E7-68D65D65654A}.Debug|Any CPU.ActiveCfg = Debug|Any CPU
		{C7037597-AA22-4FE1-92E7-68D65D65654A}.Debug|Any CPU.Build.0 = Debug|Any CPU
		{C7037597-AA22-4FE1-92E7-68D65D65654A}.Release|Any CPU.ActiveCfg = Release|Any CPU
		{C7037597-AA22-4FE1-92E7-68D65D65654A}.Release|Any CPU.Build.0 = Release|Any CPU
		{AA24DDE9-EEC2-421E-8458-E44BDE88346F}.Debug|Any CPU.ActiveCfg = Debug|Any CPU
		{AA24DDE9-EEC2-421E-8458-E44BDE88346F}.Debug|Any CPU.Build.0 = Debug|Any CPU
		{AA24DDE9-EEC2-421E-8458-E44BDE88346F}.Release|Any CPU.ActiveCfg = Release|Any CPU
		{AA24DDE9-EEC2-421E-8458-E44BDE88346F}.Release|Any CPU.Build.0 = Release|Any CPU
		{9211965C-54DB-42CB-91F6-D3FF12F16F1E}.Debug|Any CPU.ActiveCfg = Debug|Any CPU
		{9211965C-54DB-42CB-91F6-D3FF12F16F1E}.Debug|Any CPU.Build.0 = Debug|Any CPU
		{9211965C-54DB-42CB-91F6-D3FF12F16F1E}.Release|Any CPU.ActiveCfg = Release|Any CPU
		{9211965C-54DB-42CB-91F6-D3FF12F16F1E}.Release|Any CPU.Build.0 = Release|Any CPU
		{12C67894-989C-4678-8947-164E529E63B6}.Debug|Any CPU.ActiveCfg = Debug|Any CPU
		{12C67894-989C-4678-8947-164E529E63B6}.Debug|Any CPU.Build.0 = Debug|Any CPU
		{12C67894-989C-4678-8947-164E529E63B6}.Release|Any CPU.ActiveCfg = Release|Any CPU
		{12C67894-989C-4678-8947-164E529E63B6}.Release|Any CPU.Build.0 = Release|Any CPU
		{A0387B24-C38F-48CA-B6D3-D592E8D2FC5E}.Debug|Any CPU.ActiveCfg = Debug|Any CPU
		{A0387B24-C38F-48CA-B6D3-D592E8D2FC5E}.Debug|Any CPU.Build.0 = Debug|Any CPU
		{A0387B24-C38F-48CA-B6D3-D592E8D2FC5E}.Release|Any CPU.ActiveCfg = Release|Any CPU
		{A0387B24-C38F-48CA-B6D3-D592E8D2FC5E}.Release|Any CPU.Build.0 = Release|Any CPU
	EndGlobalSection
	GlobalSection(SolutionProperties) = preSolution
		HideSolutionNode = FALSE
	EndGlobalSection
	GlobalSection(NestedProjects) = preSolution
		{EF6B3420-5C1A-4F72-956B-8DDE959832EF} = {AC331A90-4D16-4C10-8321-93B2E12AFF5D}
		{2B03973E-E0C6-43D1-9979-DDDA5015A215} = {4301FB39-0F3E-4443-BA13-26488DF19FC9}
		{C7037597-AA22-4FE1-92E7-68D65D65654A} = {90D87FE4-F5A3-4929-8F42-83DE4C7CD814}
		{AA24DDE9-EEC2-421E-8458-E44BDE88346F} = {9C505E16-0910-43E2-96C9-D469C5BB4CE8}
		{90D87FE4-F5A3-4929-8F42-83DE4C7CD814} = {F04AFBA9-EFDE-46F5-AB5C-2783E009F830}
		{9C505E16-0910-43E2-96C9-D469C5BB4CE8} = {F04AFBA9-EFDE-46F5-AB5C-2783E009F830}
		{9211965C-54DB-42CB-91F6-D3FF12F16F1E} = {9696EF1B-3F30-4A98-B9DB-C838A2C4E251}
		{12C67894-989C-4678-8947-164E529E63B6} = {4301FB39-0F3E-4443-BA13-26488DF19FC9}
	EndGlobalSection
	GlobalSection(ExtensibilityGlobals) = postSolution
		SolutionGuid = {F7B7E6F1-9A1B-4DC1-8240-646752DC14CB}
	EndGlobalSection
EndGlobal
